
Microsoft Visual Studio Solution File, Format Version 12.00
# Visual Studio Version 16
VisualStudioVersion = 16.0.32802.440
MinimumVisualStudioVersion = 10.0.40219.1
Project("{FAE04EC0-301F-11D3-BF4B-00C04F79EFBC}") = "Calculator WebService", "Calculator WebService.csproj", "{6C69F2C7-0EEB-4B97-93AB-B19C257DCA5A}"
EndProject
Global
	GlobalSection(SolutionConfigurationPlatforms) = preSolution
		Debug|Any CPU = Debug|Any CPU
		Release|Any CPU = Release|Any CPU
	EndGlobalSection
	GlobalSection(ProjectConfigurationPlatforms) = postSolution
		{6C69F2C7-0EEB-4B97-93AB-B19C257DCA5A}.Debug|Any CPU.ActiveCfg = Debug|Any CPU
		{6C69F2C7-0EEB-4B97-93AB-B19C257DCA5A}.Debug|Any CPU.Build.0 = Debug|Any CPU
		{6C69F2C7-0EEB-4B97-93AB-B19C257DCA5A}.Release|Any CPU.ActiveCfg = Release|Any CPU
		{6C69F2C7-0EEB-4B97-93AB-B19C257DCA5A}.Release|Any CPU.Build.0 = Release|Any CPU
	EndGlobalSection
	GlobalSection(SolutionProperties) = preSolution
		HideSolutionNode = FALSE
	EndGlobalSection
	GlobalSection(ExtensibilityGlobals) = postSolution
		SolutionGuid = {6EA5CF99-B4F3-48D5-86E0-BDD851447F5E}
	EndGlobalSection
EndGlobal
