
Microsoft Visual Studio Solution File, Format Version 12.00
# Visual Studio Version 16
VisualStudioVersion = 16.0.32901.82
MinimumVisualStudioVersion = 10.0.40219.1
Project("{FAE04EC0-301F-11D3-BF4B-00C04F79EFBC}") = "Lab3Ex2", "Lab3Ex2.csproj", "{68E20145-7153-4989-98EB-48F1290C9415}"
EndProject
Global
	GlobalSection(SolutionConfigurationPlatforms) = preSolution
		Debug|Any CPU = Debug|Any CPU
		Release|Any CPU = Release|Any CPU
	EndGlobalSection
	GlobalSection(ProjectConfigurationPlatforms) = postSolution
		{68E20145-7153-4989-98EB-48F1290C9415}.Debug|Any CPU.ActiveCfg = Debug|Any CPU
		{68E20145-7153-4989-98EB-48F1290C9415}.Debug|Any CPU.Build.0 = Debug|Any CPU
		{68E20145-7153-4989-98EB-48F1290C9415}.Release|Any CPU.ActiveCfg = Release|Any CPU
		{68E20145-7153-4989-98EB-48F1290C9415}.Release|Any CPU.Build.0 = Release|Any CPU
	EndGlobalSection
	GlobalSection(SolutionProperties) = preSolution
		HideSolutionNode = FALSE
	EndGlobalSection
	GlobalSection(ExtensibilityGlobals) = postSolution
		SolutionGuid = {DA38C56B-B0E0-4420-BF52-56090168B1CF}
	EndGlobalSection
EndGlobal
