
Microsoft Visual Studio Solution File, Format Version 12.00
# Visual Studio Version 16
VisualStudioVersion = 16.0.33328.57
MinimumVisualStudioVersion = 10.0.40219.1
Project("{FAE04EC0-301F-11D3-BF4B-00C04F79EFBC}") = "BT3", "BT3\BT3.csproj", "{430BB4D6-5DE7-4E94-889A-7CDE7F16BDBF}"
EndProject
Global
	GlobalSection(SolutionConfigurationPlatforms) = preSolution
		Debug|Any CPU = Debug|Any CPU
		Release|Any CPU = Release|Any CPU
	EndGlobalSection
	GlobalSection(ProjectConfigurationPlatforms) = postSolution
		{430BB4D6-5DE7-4E94-889A-7CDE7F16BDBF}.Debug|Any CPU.ActiveCfg = Debug|Any CPU
		{430BB4D6-5DE7-4E94-889A-7CDE7F16BDBF}.Debug|Any CPU.Build.0 = Debug|Any CPU
		{430BB4D6-5DE7-4E94-889A-7CDE7F16BDBF}.Release|Any CPU.ActiveCfg = Release|Any CPU
		{430BB4D6-5DE7-4E94-889A-7CDE7F16BDBF}.Release|Any CPU.Build.0 = Release|Any CPU
	EndGlobalSection
	GlobalSection(SolutionProperties) = preSolution
		HideSolutionNode = FALSE
	EndGlobalSection
	GlobalSection(ExtensibilityGlobals) = postSolution
		SolutionGuid = {BFEBCC9F-1A4E-49BF-9852-D879184A90E3}
	EndGlobalSection
EndGlobal
