
Microsoft Visual Studio Solution File, Format Version 12.00
# Visual Studio Version 16
VisualStudioVersion = 16.0.33328.57
MinimumVisualStudioVersion = 10.0.40219.1
Project("{FAE04EC0-301F-11D3-BF4B-00C04F79EFBC}") = "BT2", "BT2\BT2.csproj", "{0EB57403-9CD0-4345-9F7D-C62145B92957}"
EndProject
Global
	GlobalSection(SolutionConfigurationPlatforms) = preSolution
		Debug|Any CPU = Debug|Any CPU
		Release|Any CPU = Release|Any CPU
	EndGlobalSection
	GlobalSection(ProjectConfigurationPlatforms) = postSolution
		{0EB57403-9CD0-4345-9F7D-C62145B92957}.Debug|Any CPU.ActiveCfg = Debug|Any CPU
		{0EB57403-9CD0-4345-9F7D-C62145B92957}.Debug|Any CPU.Build.0 = Debug|Any CPU
		{0EB57403-9CD0-4345-9F7D-C62145B92957}.Release|Any CPU.ActiveCfg = Release|Any CPU
		{0EB57403-9CD0-4345-9F7D-C62145B92957}.Release|Any CPU.Build.0 = Release|Any CPU
	EndGlobalSection
	GlobalSection(SolutionProperties) = preSolution
		HideSolutionNode = FALSE
	EndGlobalSection
	GlobalSection(ExtensibilityGlobals) = postSolution
		SolutionGuid = {8E28C105-997D-4A49-B14F-BE83100EF3D3}
	EndGlobalSection
EndGlobal
