
Microsoft Visual Studio Solution File, Format Version 12.00
# Visual Studio Version 16
VisualStudioVersion = 16.0.33328.57
MinimumVisualStudioVersion = 10.0.40219.1
Project("{FAE04EC0-301F-11D3-BF4B-00C04F79EFBC}") = "WebApplication1", "WebApplication1\WebApplication1.csproj", "{C191ECE1-EF56-43B1-A1C2-DF1D61830561}"
EndProject
Global
	GlobalSection(SolutionConfigurationPlatforms) = preSolution
		Debug|Any CPU = Debug|Any CPU
		Release|Any CPU = Release|Any CPU
	EndGlobalSection
	GlobalSection(ProjectConfigurationPlatforms) = postSolution
		{C191ECE1-EF56-43B1-A1C2-DF1D61830561}.Debug|Any CPU.ActiveCfg = Debug|Any CPU
		{C191ECE1-EF56-43B1-A1C2-DF1D61830561}.Debug|Any CPU.Build.0 = Debug|Any CPU
		{C191ECE1-EF56-43B1-A1C2-DF1D61830561}.Release|Any CPU.ActiveCfg = Release|Any CPU
		{C191ECE1-EF56-43B1-A1C2-DF1D61830561}.Release|Any CPU.Build.0 = Release|Any CPU
	EndGlobalSection
	GlobalSection(SolutionProperties) = preSolution
		HideSolutionNode = FALSE
	EndGlobalSection
	GlobalSection(ExtensibilityGlobals) = postSolution
		SolutionGuid = {33FC73D1-3AAF-494C-92D5-78D33F7D89A6}
	EndGlobalSection
EndGlobal
